<Solution>
  <Folder Name="/src/">
    <Project Path="src/SolusAgent.Api/SolusAgent.Api.csproj" />
    <Project Path="src/SolusAgent.Tools.Api/SolusAgent.Tools.Api.csproj" />
    <Project Path="src/SolusAgent.Runtime.Api/SolusAgent.Runtime.Api.csproj" />
    <Project Path="src/SolusAgent.Runtime/SolusAgent.Runtime.csproj" />
    <Project Path="src/SolusAgent.Providers.DeepSeek/SolusAgent.Providers.DeepSeek.csproj" />
  </Folder>
  <Folder Name="/tests/">
    <Project Path="tests/SolusAgent.ApiOnlyConsumer/SolusAgent.ApiOnlyConsumer.csproj" />
    <Project Path="tests/SolusAgent.ContractTests/SolusAgent.ContractTests.csproj" />
  </Folder>
  <Folder Name="/tests/ConsumerProbes/">
    <Project Path="tests/ConsumerProbes/CustomTools/CustomTools.csproj" />
    <Project Path="tests/ConsumerProbes/CustomProvider/CustomProvider.csproj" />
    <Project Path="tests/ConsumerProbes/ScribeHost/ScribeHost.csproj" />
    <Project Path="tests/ConsumerProbes/AprHost/AprHost.csproj" />
  </Folder>
</Solution>
